
Microsoft Visual Studio Solution File, Format Version 12.00
# Visual Studio Version 16
VisualStudioVersion = 16.0.31702.278
MinimumVisualStudioVersion = 10.0.40219.1
Project("{FAE04EC0-301F-11D3-BF4B-00C04F79EFBC}") = "StringsUI", "StringsUI\StringsUI.csproj", "{CFA757F1-7F30-46B7-8AA2-0C0B792DC234}"
EndProject
Project("{FAE04EC0-301F-11D3-BF4B-00C04F79EFBC}") = "Strings.BL", "Strings.BL\Strings.BL.csproj", "{56C22924-7537-404F-800B-68F582C08E9B}"
EndProject
Project("{2150E333-8FDC-42A3-9474-1A3956D46DE8}") = "Data", "Data", "{9FDBAA53-8106-4FCD-BDD1-2867EEFCEFB1}"
	ProjectSection(SolutionItems) = preProject
		Data.json = Data.json
	EndProjectSection
EndProject
Global
	GlobalSection(SolutionConfigurationPlatforms) = preSolution
		Debug|Any CPU = Debug|Any CPU
		Release|Any CPU = Release|Any CPU
	EndGlobalSection
	GlobalSection(ProjectConfigurationPlatforms) = postSolution
		{CFA757F1-7F30-46B7-8AA2-0C0B792DC234}.Debug|Any CPU.ActiveCfg = Debug|Any CPU
		{CFA757F1-7F30-46B7-8AA2-0C0B792DC234}.Debug|Any CPU.Build.0 = Debug|Any CPU
		{CFA757F1-7F30-46B7-8AA2-0C0B792DC234}.Release|Any CPU.ActiveCfg = Release|Any CPU
		{CFA757F1-7F30-46B7-8AA2-0C0B792DC234}.Release|Any CPU.Build.0 = Release|Any CPU
		{56C22924-7537-404F-800B-68F582C08E9B}.Debug|Any CPU.ActiveCfg = Debug|Any CPU
		{56C22924-7537-404F-800B-68F582C08E9B}.Debug|Any CPU.Build.0 = Debug|Any CPU
		{56C22924-7537-404F-800B-68F582C08E9B}.Release|Any CPU.ActiveCfg = Release|Any CPU
		{56C22924-7537-404F-800B-68F582C08E9B}.Release|Any CPU.Build.0 = Release|Any CPU
	EndGlobalSection
	GlobalSection(SolutionProperties) = preSolution
		HideSolutionNode = FALSE
	EndGlobalSection
	GlobalSection(ExtensibilityGlobals) = postSolution
		SolutionGuid = {4DC835ED-125F-4791-89D5-ED94C3166DD3}
	EndGlobalSection
EndGlobal
