
Microsoft Visual Studio Solution File, Format Version 12.00
# Visual Studio Version 16
VisualStudioVersion = 16.0.31702.278
MinimumVisualStudioVersion = 10.0.40219.1
Project("{9A19103F-16F7-4668-BE54-9A1E7A4F7556}") = "StringsUI", "StringsUI\StringsUI.csproj", "{CFA757F1-7F30-46B7-8AA2-0C0B792DC234}"
EndProject
Project("{9A19103F-16F7-4668-BE54-9A1E7A4F7556}") = "Strings.BL", "Strings.BL\Strings.BL.csproj", "{56C22924-7537-404F-800B-68F582C08E9B}"
	ProjectSection(ProjectDependencies) = postProject
		{DEB947BC-EB29-45B0-820B-FB1590D9573D} = {DEB947BC-EB29-45B0-820B-FB1590D9573D}
	EndProjectSection
EndProject
Project("{9A19103F-16F7-4668-BE54-9A1E7A4F7556}") = "Strings.Common", "Strings.Common\Strings.Common.csproj", "{DEB947BC-EB29-45B0-820B-FB1590D9573D}"
EndProject
Project("{2150E333-8FDC-42A3-9474-1A3956D46DE8}") = "Tests", "Tests", "{210BE18E-46A8-4063-8EBB-9F97E222A711}"
EndProject
Project("{9A19103F-16F7-4668-BE54-9A1E7A4F7556}") = "Strings.Common.Test", "Strings.Common.Test\Strings.Common.Test.csproj", "{400B54FA-6ADF-48A3-8C55-7244904044F1}"
EndProject
Global
	GlobalSection(SolutionConfigurationPlatforms) = preSolution
		Debug|Any CPU = Debug|Any CPU
		Release|Any CPU = Release|Any CPU
	EndGlobalSection
	GlobalSection(ProjectConfigurationPlatforms) = postSolution
		{CFA757F1-7F30-46B7-8AA2-0C0B792DC234}.Debug|Any CPU.ActiveCfg = Debug|Any CPU
		{CFA757F1-7F30-46B7-8AA2-0C0B792DC234}.Debug|Any CPU.Build.0 = Debug|Any CPU
		{CFA757F1-7F30-46B7-8AA2-0C0B792DC234}.Release|Any CPU.ActiveCfg = Release|Any CPU
		{CFA757F1-7F30-46B7-8AA2-0C0B792DC234}.Release|Any CPU.Build.0 = Release|Any CPU
		{56C22924-7537-404F-800B-68F582C08E9B}.Debug|Any CPU.ActiveCfg = Debug|Any CPU
		{56C22924-7537-404F-800B-68F582C08E9B}.Debug|Any CPU.Build.0 = Debug|Any CPU
		{56C22924-7537-404F-800B-68F582C08E9B}.Release|Any CPU.ActiveCfg = Release|Any CPU
		{56C22924-7537-404F-800B-68F582C08E9B}.Release|Any CPU.Build.0 = Release|Any CPU
		{DEB947BC-EB29-45B0-820B-FB1590D9573D}.Debug|Any CPU.ActiveCfg = Debug|Any CPU
		{DEB947BC-EB29-45B0-820B-FB1590D9573D}.Debug|Any CPU.Build.0 = Debug|Any CPU
		{DEB947BC-EB29-45B0-820B-FB1590D9573D}.Release|Any CPU.ActiveCfg = Release|Any CPU
		{DEB947BC-EB29-45B0-820B-FB1590D9573D}.Release|Any CPU.Build.0 = Release|Any CPU
		{400B54FA-6ADF-48A3-8C55-7244904044F1}.Debug|Any CPU.ActiveCfg = Debug|Any CPU
		{400B54FA-6ADF-48A3-8C55-7244904044F1}.Debug|Any CPU.Build.0 = Debug|Any CPU
		{400B54FA-6ADF-48A3-8C55-7244904044F1}.Release|Any CPU.ActiveCfg = Release|Any CPU
		{400B54FA-6ADF-48A3-8C55-7244904044F1}.Release|Any CPU.Build.0 = Release|Any CPU
	EndGlobalSection
	GlobalSection(SolutionProperties) = preSolution
		HideSolutionNode = FALSE
	EndGlobalSection
	GlobalSection(NestedProjects) = preSolution
		{400B54FA-6ADF-48A3-8C55-7244904044F1} = {210BE18E-46A8-4063-8EBB-9F97E222A711}
	EndGlobalSection
	GlobalSection(ExtensibilityGlobals) = postSolution
		SolutionGuid = {4DC835ED-125F-4791-89D5-ED94C3166DD3}
	EndGlobalSection
EndGlobal
